github.com/ArieDeha/ccxpolicy v0.1.2 h1:22jIAjm2XmBR/MdFyXvcZ3+N4uOY9AZ7ZSrgaCtt1Uk=
github.com/ArieDeha/ccxpolicy v0.1.2/go.mod h1:ohfMxlwL6yXc5dGCBrrPW3a0L9aB+28YrSqPDy+xHvc=
github.com/ArieDeha/ccxpolicy v0.1.4 h1:TEvK178Csaf+3Fdf8eMCPLlXkjiDpuu5tBRIHmLkFgY=
github.com/ArieDeha/ccxpolicy v0.1.4/go.mod h1:ohfMxlwL6yXc5dGCBrrPW3a0L9aB+28YrSqPDy+xHvc=
